// !$*UTF8*$!
{
	archiveVersion = 1;
	classes = {
	};
	objectVersion = 46;
	objects = {

/* Begin PBXBuildFile section */
		49DEDF951DEB3DB6001193CD /* main.c in Sources */ = {isa = PBXBuildFile; fileRef = 49DEDF941DEB3DB6001193CD /* main.c */; };
		49DEDF9D1DEB3EDC001193CD /* json.c in Sources */ = {isa = PBXBuildFile; fileRef = 49DEDF9B1DEB3EDC001193CD /* json.c */; };
/* End PBXBuildFile section */

/* Begin PBXCopyFilesBuildPhase section */
		49DEDF8F1DEB3DB6001193CD /* CopyFiles */ = {
			isa = PBXCopyFilesBuildPhase;
			buildActionMask = 2147483647;
			dstPath = /usr/share/man/man1/;
			dstSubfolderSpec = 0;
			files = (
			);
			runOnlyForDeploymentPostprocessing = 1;
		};
/* End PBXCopyFilesBuildPhase section */

/* Begin PBXFileReference section */
		49DEDF911DEB3DB6001193CD /* jd */ = {isa = PBXFileReference; explicitFileType = "compiled.mach-o.executable"; includeInIndex = 0; path = jd; sourceTree = BUILT_PRODUCTS_DIR; };
		49DEDF941DEB3DB6001193CD /* main.c */ = {isa = PBXFileReference; lastKnownFileType = sourcecode.c.c; path = main.c; sourceTree = "<group>"; };
		49DEDF9B1DEB3EDC001193CD /* json.c */ = {isa = PBXFileReference; fileEncoding = 4; lastKnownFileType = sourcecode.c.c; name = json.c; path = "vendor/json.h-master/json.c"; sourceTree = "<group>"; };
		49DEDF9C1DEB3EDC001193CD /* json.h */ = {isa = PBXFileReference; fileEncoding = 4; lastKnownFileType = sourcecode.c.h; name = json.h; path = "vendor/json.h-master/json.h"; sourceTree = "<group>"; };
/* End PBXFileReference section */

/* Begin PBXFrameworksBuildPhase section */
		49DEDF8E1DEB3DB6001193CD /* Frameworks */ = {
			isa = PBXFrameworksBuildPhase;
			buildActionMask = 2147483647;
			files = (
			);
			runOnlyForDeploymentPostprocessing = 0;
		};
/* End PBXFrameworksBuildPhase section */

/* Begin PBXGroup section */
		49DEDF881DEB3DB6001193CD = {
			isa = PBXGroup;
			children = (
				49DEDF9B1DEB3EDC001193CD /* json.c */,
				49DEDF9C1DEB3EDC001193CD /* json.h */,
				49DEDF931DEB3DB6001193CD /* jd */,
				49DEDF921DEB3DB6001193CD /* Products */,
			);
			sourceTree = "<group>";
		};
		49DEDF921DEB3DB6001193CD /* Products */ = {
			isa = PBXGroup;
			children = (
				49DEDF911DEB3DB6001193CD /* jd */,
			);
			name = Products;
			sourceTree = "<group>";
		};
		49DEDF931DEB3DB6001193CD /* jd */ = {
			isa = PBXGroup;
			children = (
				49DEDF941DEB3DB6001193CD /* main.c */,
			);
			path = jd;
			sourceTree = "<group>";
		};
/* End PBXGroup section */

/* Begin PBXNativeTarget section */
		49DEDF901DEB3DB6001193CD /* jd */ = {
			isa = PBXNativeTarget;
			buildConfigurationList = 49DEDF981DEB3DB6001193CD /* Build configuration list for PBXNativeTarget "jd" */;
			buildPhases = (
				49DEDF8D1DEB3DB6001193CD /* Sources */,
				49DEDF8E1DEB3DB6001193CD /* Frameworks */,
				49DEDF8F1DEB3DB6001193CD /* CopyFiles */,
			);
			buildRules = (
			);
			dependencies = (
			);
			name = jd;
			productName = jd;
			productReference = 49DEDF911DEB3DB6001193CD /* jd */;
			productType = "com.apple.product-type.tool";
		};
/* End PBXNativeTarget section */

/* Begin PBXProject section */
		49DEDF891DEB3DB6001193CD /* Project object */ = {
			isa = PBXProject;
			attributes = {
				LastUpgradeCheck = 0810;
				ORGANIZATIONNAME = "Marc O'Morain";
				TargetAttributes = {
					49DEDF901DEB3DB6001193CD = {
						CreatedOnToolsVersion = 8.1;
						ProvisioningStyle = Automatic;
					};
				};
			};
			buildConfigurationList = 49DEDF8C1DEB3DB6001193CD /* Build configuration list for PBXProject "jd" */;
			compatibilityVersion = "Xcode 3.2";
			developmentRegion = English;
			hasScannedForEncodings = 0;
			knownRegions = (
				en,
			);
			mainGroup = 49DEDF881DEB3DB6001193CD;
			productRefGroup = 49DEDF921DEB3DB6001193CD /* Products */;
			projectDirPath = "";
			projectRoot = "";
			targets = (
				49DEDF901DEB3DB6001193CD /* jd */,
			);
		};
/* End PBXProject section */

/* Begin PBXSourcesBuildPhase section */
		49DEDF8D1DEB3DB6001193CD /* Sources */ = {
			isa = PBXSourcesBuildPhase;
			buildActionMask = 2147483647;
			files = (
				49DEDF951DEB3DB6001193CD /* main.c in Sources */,
				49DEDF9D1DEB3EDC001193CD /* json.c in Sources */,
			);
			runOnlyForDeploymentPostprocessing = 0;
		};
/* End PBXSourcesBuildPhase section */

/* Begin XCBuildConfiguration section */
		49DEDF961DEB3DB6001193CD /* Debug */ = {
			isa = XCBuildConfiguration;
			buildSettings = {
				ALWAYS_SEARCH_USER_PATHS = NO;
				CLANG_ANALYZER_NONNULL = YES;
				CLANG_CXX_LANGUAGE_STANDARD = "gnu++0x";
				CLANG_CXX_LIBRARY = "libc++";
				CLANG_ENABLE_MODULES = YES;
				CLANG_ENABLE_OBJC_ARC = YES;
				CLANG_WARN_BOOL_CONVERSION = YES;
				CLANG_WARN_CONSTANT_CONVERSION = YES;
				CLANG_WARN_DIRECT_OBJC_ISA_USAGE = YES_ERROR;
				CLANG_WARN_DOCUMENTATION_COMMENTS = YES;
				CLANG_WARN_EMPTY_BODY = YES;
				CLANG_WARN_ENUM_CONVERSION = YES;
				CLANG_WARN_INFINITE_RECURSION = YES;
				CLANG_WARN_INT_CONVERSION = YES;
				CLANG_WARN_OBJC_ROOT_CLASS = YES_ERROR;
				CLANG_WARN_SUSPICIOUS_MOVES = YES;
				CLANG_WARN_UNREACHABLE_CODE = YES;
				CLANG_WARN__DUPLICATE_METHOD_MATCH = YES;
				CODE_SIGN_IDENTITY = "-";
				COPY_PHASE_STRIP = NO;
				DEBUG_INFORMATION_FORMAT = dwarf;
				ENABLE_STRICT_OBJC_MSGSEND = YES;
				ENABLE_TESTABILITY = YES;
				GCC_C_LANGUAGE_STANDARD = gnu99;
				GCC_DYNAMIC_NO_PIC = NO;
				GCC_NO_COMMON_BLOCKS = YES;
				GCC_OPTIMIZATION_LEVEL = 0;
				GCC_PREPROCESSOR_DEFINITIONS = (
					"DEBUG=1",
					"$(inherited)",
				);
				GCC_WARN_64_TO_32_BIT_CONVERSION = YES;
				GCC_WARN_ABOUT_RETURN_TYPE = YES_ERROR;
				GCC_WARN_UNDECLARED_SELECTOR = YES;
				GCC_WARN_UNINITIALIZED_AUTOS = YES_AGGRESSIVE;
				GCC_WARN_UNUSED_FUNCTION = YES;
				GCC_WARN_UNUSED_VARIABLE = YES;
				MACOSX_DEPLOYMENT_TARGET = 10.12;
				MTL_ENABLE_DEBUG_INFO = YES;
				ONLY_ACTIVE_ARCH = YES;
				SDKROOT = macosx;
			};
			name = Debug;
		};
		49DEDF971DEB3DB6001193CD /* Release */ = {
			isa = XCBuildConfiguration;
			buildSettings = {
				ALWAYS_SEARCH_USER_PATHS = NO;
				CLANG_ANALYZER_NONNULL = YES;
				CLANG_CXX_LANGUAGE_STANDARD = "gnu++0x";
				CLANG_CXX_LIBRARY = "libc++";
				CLANG_ENABLE_MODULES = YES;
				CLANG_ENABLE_OBJC_ARC = YES;
				CLANG_WARN_BOOL_CONVERSION = YES;
				CLANG_WARN_CONSTANT_CONVERSION = YES;
				CLANG_WARN_DIRECT_OBJC_ISA_USAGE = YES_ERROR;
				CLANG_WARN_DOCUMENTATION_COMMENTS = YES;
				CLANG_WARN_EMPTY_BODY = YES;
				CLANG_WARN_ENUM_CONVERSION = YES;
				CLANG_WARN_INFINITE_RECURSION = YES;
				CLANG_WARN_INT_CONVERSION = YES;
				CLANG_WARN_OBJC_ROOT_CLASS = YES_ERROR;
				CLANG_WARN_SUSPICIOUS_MOVES = YES;
				CLANG_WARN_UNREACHABLE_CODE = YES;
				CLANG_WARN__DUPLICATE_METHOD_MATCH = YES;
				CODE_SIGN_IDENTITY = "-";
				COPY_PHASE_STRIP = NO;
				DEBUG_INFORMATION_FORMAT = "dwarf-with-dsym";
				ENABLE_NS_ASSERTIONS = NO;
				ENABLE_STRICT_OBJC_MSGSEND = YES;
				GCC_C_LANGUAGE_STANDARD = gnu99;
				GCC_NO_COMMON_BLOCKS = YES;
				GCC_WARN_64_TO_32_BIT_CONVERSION = YES;
				GCC_WARN_ABOUT_RETURN_TYPE = YES_ERROR;
				GCC_WARN_UNDECLARED_SELECTOR = YES;
				GCC_WARN_UNINITIALIZED_AUTOS = YES_AGGRESSIVE;
				GCC_WARN_UNUSED_FUNCTION = YES;
				GCC_WARN_UNUSED_VARIABLE = YES;
				MACOSX_DEPLOYMENT_TARGET = 10.12;
				MTL_ENABLE_DEBUG_INFO = NO;
				SDKROOT = macosx;
			};
			name = Release;
		};
		49DEDF991DEB3DB6001193CD /* Debug */ = {
			isa = XCBuildConfiguration;
			buildSettings = {
				PRODUCT_NAME = "$(TARGET_NAME)";
			};
			name = Debug;
		};
		49DEDF9A1DEB3DB6001193CD /* Release */ = {
			isa = XCBuildConfiguration;
			buildSettings = {
				PRODUCT_NAME = "$(TARGET_NAME)";
			};
			name = Release;
		};
/* End XCBuildConfiguration section */

/* Begin XCConfigurationList section */
		49DEDF8C1DEB3DB6001193CD /* Build configuration list for PBXProject "jd" */ = {
			isa = XCConfigurationList;
			buildConfigurations = (
				49DEDF961DEB3DB6001193CD /* Debug */,
				49DEDF971DEB3DB6001193CD /* Release */,
			);
			defaultConfigurationIsVisible = 0;
			defaultConfigurationName = Release;
		};
		49DEDF981DEB3DB6001193CD /* Build configuration list for PBXNativeTarget "jd" */ = {
			isa = XCConfigurationList;
			buildConfigurations = (
				49DEDF991DEB3DB6001193CD /* Debug */,
				49DEDF9A1DEB3DB6001193CD /* Release */,
			);
			defaultConfigurationIsVisible = 0;
		};
/* End XCConfigurationList section */
	};
	rootObject = 49DEDF891DEB3DB6001193CD /* Project object */;
}
